
Microsoft Visual Studio Solution File, Format Version 12.00
# Visual Studio Version 16
VisualStudioVersion = 16.0.30717.126
MinimumVisualStudioVersion = 10.0.40219.1
Project("{9A19103F-16F7-4668-BE54-9A1E7A4F7556}") = "micolk-api", "micolk-api\micolk-api.csproj", "{51691400-A5FD-4D2B-84BA-A6F0A78DFB7A}"
EndProject
Project("{FAE04EC0-301F-11D3-BF4B-00C04F79EFBC}") = "Application", "Application\Application.csproj", "{58DFF316-CAB2-4BE4-AF66-842B80DCCFC0}"
EndProject
Project("{FAE04EC0-301F-11D3-BF4B-00C04F79EFBC}") = "Domain", "Domain\Domain.csproj", "{91B62F31-68CF-4748-8A0C-328F2A1001DA}"
EndProject
Global
	GlobalSection(SolutionConfigurationPlatforms) = preSolution
		Debug|Any CPU = Debug|Any CPU
		Release|Any CPU = Release|Any CPU
	EndGlobalSection
	GlobalSection(ProjectConfigurationPlatforms) = postSolution
		{51691400-A5FD-4D2B-84BA-A6F0A78DFB7A}.Debug|Any CPU.ActiveCfg = Debug|Any CPU
		{51691400-A5FD-4D2B-84BA-A6F0A78DFB7A}.Debug|Any CPU.Build.0 = Debug|Any CPU
		{51691400-A5FD-4D2B-84BA-A6F0A78DFB7A}.Release|Any CPU.ActiveCfg = Release|Any CPU
		{51691400-A5FD-4D2B-84BA-A6F0A78DFB7A}.Release|Any CPU.Build.0 = Release|Any CPU
		{58DFF316-CAB2-4BE4-AF66-842B80DCCFC0}.Debug|Any CPU.ActiveCfg = Debug|Any CPU
		{58DFF316-CAB2-4BE4-AF66-842B80DCCFC0}.Debug|Any CPU.Build.0 = Debug|Any CPU
		{58DFF316-CAB2-4BE4-AF66-842B80DCCFC0}.Release|Any CPU.ActiveCfg = Release|Any CPU
		{58DFF316-CAB2-4BE4-AF66-842B80DCCFC0}.Release|Any CPU.Build.0 = Release|Any CPU
		{91B62F31-68CF-4748-8A0C-328F2A1001DA}.Debug|Any CPU.ActiveCfg = Debug|Any CPU
		{91B62F31-68CF-4748-8A0C-328F2A1001DA}.Debug|Any CPU.Build.0 = Debug|Any CPU
		{91B62F31-68CF-4748-8A0C-328F2A1001DA}.Release|Any CPU.ActiveCfg = Release|Any CPU
		{91B62F31-68CF-4748-8A0C-328F2A1001DA}.Release|Any CPU.Build.0 = Release|Any CPU
	EndGlobalSection
	GlobalSection(SolutionProperties) = preSolution
		HideSolutionNode = FALSE
	EndGlobalSection
	GlobalSection(ExtensibilityGlobals) = postSolution
		SolutionGuid = {A5B1ADD8-6E8E-495F-91D6-C81EB12E3591}
	EndGlobalSection
EndGlobal
